// !$*UTF8*$!
{
	archiveVersion = 1;
	classes = {
	};
	objectVersion = 56;
	objects = {

/* Begin PBXBuildFile section */
		FB2592C62CB433BB00CCBB08 /* AppDelegate.swift in Sources */ = {isa = PBXBuildFile; fileRef = FB2592C52CB433BB00CCBB08 /* AppDelegate.swift */; };
		FB2592C82CB433BB00CCBB08 /* SceneDelegate.swift in Sources */ = {isa = PBXBuildFile; fileRef = FB2592C72CB433BB00CCBB08 /* SceneDelegate.swift */; };
		FB2592CD2CB433BB00CCBB08 /* Base in Resources */ = {isa = PBXBuildFile; fileRef = FB2592CC2CB433BB00CCBB08 /* Base */; };
		FB2592CF2CB433BC00CCBB08 /* Assets.xcassets in Resources */ = {isa = PBXBuildFile; fileRef = FB2592CE2CB433BC00CCBB08 /* Assets.xcassets */; };
		FB2592D22CB433BC00CCBB08 /* Base in Resources */ = {isa = PBXBuildFile; fileRef = FB2592D12CB433BC00CCBB08 /* Base */; };
		FB2592DD2CB433BC00CCBB08 /* boceto_2_CellViewTests.swift in Sources */ = {isa = PBXBuildFile; fileRef = FB2592DC2CB433BC00CCBB08 /* boceto_2_CellViewTests.swift */; };
		FB2592E72CB433BC00CCBB08 /* boceto_2_CellViewUITests.swift in Sources */ = {isa = PBXBuildFile; fileRef = FB2592E62CB433BC00CCBB08 /* boceto_2_CellViewUITests.swift */; };
		FB2592E92CB433BC00CCBB08 /* boceto_2_CellViewUITestsLaunchTests.swift in Sources */ = {isa = PBXBuildFile; fileRef = FB2592E82CB433BC00CCBB08 /* boceto_2_CellViewUITestsLaunchTests.swift */; };
		FB2592F82CB4376500CCBB08 /* ControladorPantallaPrincipalDeColeccion.swift in Sources */ = {isa = PBXBuildFile; fileRef = FB2592F72CB4376500CCBB08 /* ControladorPantallaPrincipalDeColeccion.swift */; };
		FB2592FA2CB43D2F00CCBB08 /* VistaDeZelda.swift in Sources */ = {isa = PBXBuildFile; fileRef = FB2592F92CB43D2F00CCBB08 /* VistaDeZelda.swift */; };
		FB5ADD0D2CB6D77900078CE0 /* Posts.swift in Sources */ = {isa = PBXBuildFile; fileRef = FB5ADD0C2CB6D77900078CE0 /* Posts.swift */; };
/* End PBXBuildFile section */

/* Begin PBXContainerItemProxy section */
		FB2592D92CB433BC00CCBB08 /* PBXContainerItemProxy */ = {
			isa = PBXContainerItemProxy;
			containerPortal = FB2592BA2CB433BB00CCBB08 /* Project object */;
			proxyType = 1;
			remoteGlobalIDString = FB2592C12CB433BB00CCBB08;
			remoteInfo = boceto_2_CellView;
		};
		FB2592E32CB433BC00CCBB08 /* PBXContainerItemProxy */ = {
			isa = PBXContainerItemProxy;
			containerPortal = FB2592BA2CB433BB00CCBB08 /* Project object */;
			proxyType = 1;
			remoteGlobalIDString = FB2592C12CB433BB00CCBB08;
			remoteInfo = boceto_2_CellView;
		};
/* End PBXContainerItemProxy section */

/* Begin PBXFileReference section */
		FB2592C22CB433BB00CCBB08 /* boceto_2_CellView.app */ = {isa = PBXFileReference; explicitFileType = wrapper.application; includeInIndex = 0; path = boceto_2_CellView.app; sourceTree = BUILT_PRODUCTS_DIR; };
		FB2592C52CB433BB00CCBB08 /* AppDelegate.swift */ = {isa = PBXFileReference; lastKnownFileType = sourcecode.swift; path = AppDelegate.swift; sourceTree = "<group>"; };
		FB2592C72CB433BB00CCBB08 /* SceneDelegate.swift */ = {isa = PBXFileReference; lastKnownFileType = sourcecode.swift; path = SceneDelegate.swift; sourceTree = "<group>"; };
		FB2592CC2CB433BB00CCBB08 /* Base */ = {isa = PBXFileReference; lastKnownFileType = file.storyboard; name = Base; path = Base.lproj/Main.storyboard; sourceTree = "<group>"; };
		FB2592CE2CB433BC00CCBB08 /* Assets.xcassets */ = {isa = PBXFileReference; lastKnownFileType = folder.assetcatalog; path = Assets.xcassets; sourceTree = "<group>"; };
		FB2592D12CB433BC00CCBB08 /* Base */ = {isa = PBXFileReference; lastKnownFileType = file.storyboard; name = Base; path = Base.lproj/LaunchScreen.storyboard; sourceTree = "<group>"; };
		FB2592D32CB433BC00CCBB08 /* Info.plist */ = {isa = PBXFileReference; lastKnownFileType = text.plist.xml; path = Info.plist; sourceTree = "<group>"; };
		FB2592D82CB433BC00CCBB08 /* boceto_2_CellViewTests.xctest */ = {isa = PBXFileReference; explicitFileType = wrapper.cfbundle; includeInIndex = 0; path = boceto_2_CellViewTests.xctest; sourceTree = BUILT_PRODUCTS_DIR; };
		FB2592DC2CB433BC00CCBB08 /* boceto_2_CellViewTests.swift */ = {isa = PBXFileReference; lastKnownFileType = sourcecode.swift; path = boceto_2_CellViewTests.swift; sourceTree = "<group>"; };
		FB2592E22CB433BC00CCBB08 /* boceto_2_CellViewUITests.xctest */ = {isa = PBXFileReference; explicitFileType = wrapper.cfbundle; includeInIndex = 0; path = boceto_2_CellViewUITests.xctest; sourceTree = BUILT_PRODUCTS_DIR; };
		FB2592E62CB433BC00CCBB08 /* boceto_2_CellViewUITests.swift */ = {isa = PBXFileReference; lastKnownFileType = sourcecode.swift; path = boceto_2_CellViewUITests.swift; sourceTree = "<group>"; };
		FB2592E82CB433BC00CCBB08 /* boceto_2_CellViewUITestsLaunchTests.swift */ = {isa = PBXFileReference; lastKnownFileType = sourcecode.swift; path = boceto_2_CellViewUITestsLaunchTests.swift; sourceTree = "<group>"; };
		FB2592F72CB4376500CCBB08 /* ControladorPantallaPrincipalDeColeccion.swift */ = {isa = PBXFileReference; lastKnownFileType = sourcecode.swift; path = ControladorPantallaPrincipalDeColeccion.swift; sourceTree = "<group>"; };
		FB2592F92CB43D2F00CCBB08 /* VistaDeZelda.swift */ = {isa = PBXFileReference; lastKnownFileType = sourcecode.swift; path = VistaDeZelda.swift; sourceTree = "<group>"; };
		FB5ADD0C2CB6D77900078CE0 /* Posts.swift */ = {isa = PBXFileReference; lastKnownFileType = sourcecode.swift; path = Posts.swift; sourceTree = "<group>"; };
/* End PBXFileReference section */

/* Begin PBXFrameworksBuildPhase section */
		FB2592BF2CB433BB00CCBB08 /* Frameworks */ = {
			isa = PBXFrameworksBuildPhase;
			buildActionMask = 2147483647;
			files = (
			);
			runOnlyForDeploymentPostprocessing = 0;
		};
		FB2592D52CB433BC00CCBB08 /* Frameworks */ = {
			isa = PBXFrameworksBuildPhase;
			buildActionMask = 2147483647;
			files = (
			);
			runOnlyForDeploymentPostprocessing = 0;
		};
		FB2592DF2CB433BC00CCBB08 /* Frameworks */ = {
			isa = PBXFrameworksBuildPhase;
			buildActionMask = 2147483647;
			files = (
			);
			runOnlyForDeploymentPostprocessing = 0;
		};
/* End PBXFrameworksBuildPhase section */

/* Begin PBXGroup section */
		FB2592B92CB433BB00CCBB08 = {
			isa = PBXGroup;
			children = (
				FB5ADD0B2CB6D6C800078CE0 /* modelos */,
				FB2592C42CB433BB00CCBB08 /* boceto_2_CellView */,
				FB2592DB2CB433BC00CCBB08 /* boceto_2_CellViewTests */,
				FB2592E52CB433BC00CCBB08 /* boceto_2_CellViewUITests */,
				FB2592C32CB433BB00CCBB08 /* Products */,
			);
			sourceTree = "<group>";
		};
		FB2592C32CB433BB00CCBB08 /* Products */ = {
			isa = PBXGroup;
			children = (
				FB2592C22CB433BB00CCBB08 /* boceto_2_CellView.app */,
				FB2592D82CB433BC00CCBB08 /* boceto_2_CellViewTests.xctest */,
				FB2592E22CB433BC00CCBB08 /* boceto_2_CellViewUITests.xctest */,
			);
			name = Products;
			sourceTree = "<group>";
		};
		FB2592C42CB433BB00CCBB08 /* boceto_2_CellView */ = {
			isa = PBXGroup;
			children = (
				FB2592F52CB4368400CCBB08 /* controladores_de_pantallas */,
				FB2592C52CB433BB00CCBB08 /* AppDelegate.swift */,
				FB2592C72CB433BB00CCBB08 /* SceneDelegate.swift */,
				FB2592CB2CB433BB00CCBB08 /* Main.storyboard */,
				FB2592CE2CB433BC00CCBB08 /* Assets.xcassets */,
				FB2592D02CB433BC00CCBB08 /* LaunchScreen.storyboard */,
				FB2592D32CB433BC00CCBB08 /* Info.plist */,
			);
			path = boceto_2_CellView;
			sourceTree = "<group>";
		};
		FB2592DB2CB433BC00CCBB08 /* boceto_2_CellViewTests */ = {
			isa = PBXGroup;
			children = (
				FB2592DC2CB433BC00CCBB08 /* boceto_2_CellViewTests.swift */,
			);
			path = boceto_2_CellViewTests;
			sourceTree = "<group>";
		};
		FB2592E52CB433BC00CCBB08 /* boceto_2_CellViewUITests */ = {
			isa = PBXGroup;
			children = (
				FB2592E62CB433BC00CCBB08 /* boceto_2_CellViewUITests.swift */,
				FB2592E82CB433BC00CCBB08 /* boceto_2_CellViewUITestsLaunchTests.swift */,
			);
			path = boceto_2_CellViewUITests;
			sourceTree = "<group>";
		};
		FB2592F52CB4368400CCBB08 /* controladores_de_pantallas */ = {
			isa = PBXGroup;
			children = (
				FB2592F62CB436A300CCBB08 /* vista_de_celdas */,
			);
			path = controladores_de_pantallas;
			sourceTree = "<group>";
		};
		FB2592F62CB436A300CCBB08 /* vista_de_celdas */ = {
			isa = PBXGroup;
			children = (
				FB2592F72CB4376500CCBB08 /* ControladorPantallaPrincipalDeColeccion.swift */,
				FB2592F92CB43D2F00CCBB08 /* VistaDeZelda.swift */,
			);
			path = vista_de_celdas;
			sourceTree = "<group>";
		};
		FB5ADD0B2CB6D6C800078CE0 /* modelos */ = {
			isa = PBXGroup;
			children = (
				FB5ADD0C2CB6D77900078CE0 /* Posts.swift */,
			);
			path = modelos;
			sourceTree = "<group>";
		};
/* End PBXGroup section */

/* Begin PBXNativeTarget section */
		FB2592C12CB433BB00CCBB08 /* boceto_2_CellView */ = {
			isa = PBXNativeTarget;
			buildConfigurationList = FB2592EC2CB433BC00CCBB08 /* Build configuration list for PBXNativeTarget "boceto_2_CellView" */;
			buildPhases = (
				FB2592BE2CB433BB00CCBB08 /* Sources */,
				FB2592BF2CB433BB00CCBB08 /* Frameworks */,
				FB2592C02CB433BB00CCBB08 /* Resources */,
			);
			buildRules = (
			);
			dependencies = (
			);
			name = boceto_2_CellView;
			productName = boceto_2_CellView;
			productReference = FB2592C22CB433BB00CCBB08 /* boceto_2_CellView.app */;
			productType = "com.apple.product-type.application";
		};
		FB2592D72CB433BC00CCBB08 /* boceto_2_CellViewTests */ = {
			isa = PBXNativeTarget;
			buildConfigurationList = FB2592EF2CB433BC00CCBB08 /* Build configuration list for PBXNativeTarget "boceto_2_CellViewTests" */;
			buildPhases = (
				FB2592D42CB433BC00CCBB08 /* Sources */,
				FB2592D52CB433BC00CCBB08 /* Frameworks */,
				FB2592D62CB433BC00CCBB08 /* Resources */,
			);
			buildRules = (
			);
			dependencies = (
				FB2592DA2CB433BC00CCBB08 /* PBXTargetDependency */,
			);
			name = boceto_2_CellViewTests;
			productName = boceto_2_CellViewTests;
			productReference = FB2592D82CB433BC00CCBB08 /* boceto_2_CellViewTests.xctest */;
			productType = "com.apple.product-type.bundle.unit-test";
		};
		FB2592E12CB433BC00CCBB08 /* boceto_2_CellViewUITests */ = {
			isa = PBXNativeTarget;
			buildConfigurationList = FB2592F22CB433BC00CCBB08 /* Build configuration list for PBXNativeTarget "boceto_2_CellViewUITests" */;
			buildPhases = (
				FB2592DE2CB433BC00CCBB08 /* Sources */,
				FB2592DF2CB433BC00CCBB08 /* Frameworks */,
				FB2592E02CB433BC00CCBB08 /* Resources */,
			);
			buildRules = (
			);
			dependencies = (
				FB2592E42CB433BC00CCBB08 /* PBXTargetDependency */,
			);
			name = boceto_2_CellViewUITests;
			productName = boceto_2_CellViewUITests;
			productReference = FB2592E22CB433BC00CCBB08 /* boceto_2_CellViewUITests.xctest */;
			productType = "com.apple.product-type.bundle.ui-testing";
		};
/* End PBXNativeTarget section */

/* Begin PBXProject section */
		FB2592BA2CB433BB00CCBB08 /* Project object */ = {
			isa = PBXProject;
			attributes = {
				BuildIndependentTargetsInParallel = 1;
				LastSwiftUpdateCheck = 1540;
				LastUpgradeCheck = 1540;
				TargetAttributes = {
					FB2592C12CB433BB00CCBB08 = {
						CreatedOnToolsVersion = 15.4;
					};
					FB2592D72CB433BC00CCBB08 = {
						CreatedOnToolsVersion = 15.4;
						TestTargetID = FB2592C12CB433BB00CCBB08;
					};
					FB2592E12CB433BC00CCBB08 = {
						CreatedOnToolsVersion = 15.4;
						TestTargetID = FB2592C12CB433BB00CCBB08;
					};
				};
			};
			buildConfigurationList = FB2592BD2CB433BB00CCBB08 /* Build configuration list for PBXProject "boceto_2_CellView" */;
			compatibilityVersion = "Xcode 14.0";
			developmentRegion = en;
			hasScannedForEncodings = 0;
			knownRegions = (
				en,
				Base,
			);
			mainGroup = FB2592B92CB433BB00CCBB08;
			productRefGroup = FB2592C32CB433BB00CCBB08 /* Products */;
			projectDirPath = "";
			projectRoot = "";
			targets = (
				FB2592C12CB433BB00CCBB08 /* boceto_2_CellView */,
				FB2592D72CB433BC00CCBB08 /* boceto_2_CellViewTests */,
				FB2592E12CB433BC00CCBB08 /* boceto_2_CellViewUITests */,
			);
		};
/* End PBXProject section */

/* Begin PBXResourcesBuildPhase section */
		FB2592C02CB433BB00CCBB08 /* Resources */ = {
			isa = PBXResourcesBuildPhase;
			buildActionMask = 2147483647;
			files = (
				FB2592CF2CB433BC00CCBB08 /* Assets.xcassets in Resources */,
				FB2592D22CB433BC00CCBB08 /* Base in Resources */,
				FB2592CD2CB433BB00CCBB08 /* Base in Resources */,
			);
			runOnlyForDeploymentPostprocessing = 0;
		};
		FB2592D62CB433BC00CCBB08 /* Resources */ = {
			isa = PBXResourcesBuildPhase;
			buildActionMask = 2147483647;
			files = (
			);
			runOnlyForDeploymentPostprocessing = 0;
		};
		FB2592E02CB433BC00CCBB08 /* Resources */ = {
			isa = PBXResourcesBuildPhase;
			buildActionMask = 2147483647;
			files = (
			);
			runOnlyForDeploymentPostprocessing = 0;
		};
/* End PBXResourcesBuildPhase section */

/* Begin PBXSourcesBuildPhase section */
		FB2592BE2CB433BB00CCBB08 /* Sources */ = {
			isa = PBXSourcesBuildPhase;
			buildActionMask = 2147483647;
			files = (
				FB2592C62CB433BB00CCBB08 /* AppDelegate.swift in Sources */,
				FB2592C82CB433BB00CCBB08 /* SceneDelegate.swift in Sources */,
				FB5ADD0D2CB6D77900078CE0 /* Posts.swift in Sources */,
				FB2592FA2CB43D2F00CCBB08 /* VistaDeZelda.swift in Sources */,
				FB2592F82CB4376500CCBB08 /* ControladorPantallaPrincipalDeColeccion.swift in Sources */,
			);
			runOnlyForDeploymentPostprocessing = 0;
		};
		FB2592D42CB433BC00CCBB08 /* Sources */ = {
			isa = PBXSourcesBuildPhase;
			buildActionMask = 2147483647;
			files = (
				FB2592DD2CB433BC00CCBB08 /* boceto_2_CellViewTests.swift in Sources */,
			);
			runOnlyForDeploymentPostprocessing = 0;
		};
		FB2592DE2CB433BC00CCBB08 /* Sources */ = {
			isa = PBXSourcesBuildPhase;
			buildActionMask = 2147483647;
			files = (
				FB2592E92CB433BC00CCBB08 /* boceto_2_CellViewUITestsLaunchTests.swift in Sources */,
				FB2592E72CB433BC00CCBB08 /* boceto_2_CellViewUITests.swift in Sources */,
			);
			runOnlyForDeploymentPostprocessing = 0;
		};
/* End PBXSourcesBuildPhase section */

/* Begin PBXTargetDependency section */
		FB2592DA2CB433BC00CCBB08 /* PBXTargetDependency */ = {
			isa = PBXTargetDependency;
			target = FB2592C12CB433BB00CCBB08 /* boceto_2_CellView */;
			targetProxy = FB2592D92CB433BC00CCBB08 /* PBXContainerItemProxy */;
		};
		FB2592E42CB433BC00CCBB08 /* PBXTargetDependency */ = {
			isa = PBXTargetDependency;
			target = FB2592C12CB433BB00CCBB08 /* boceto_2_CellView */;
			targetProxy = FB2592E32CB433BC00CCBB08 /* PBXContainerItemProxy */;
		};
/* End PBXTargetDependency section */

/* Begin PBXVariantGroup section */
		FB2592CB2CB433BB00CCBB08 /* Main.storyboard */ = {
			isa = PBXVariantGroup;
			children = (
				FB2592CC2CB433BB00CCBB08 /* Base */,
			);
			name = Main.storyboard;
			sourceTree = "<group>";
		};
		FB2592D02CB433BC00CCBB08 /* LaunchScreen.storyboard */ = {
			isa = PBXVariantGroup;
			children = (
				FB2592D12CB433BC00CCBB08 /* Base */,
			);
			name = LaunchScreen.storyboard;
			sourceTree = "<group>";
		};
/* End PBXVariantGroup section */

/* Begin XCBuildConfiguration section */
		FB2592EA2CB433BC00CCBB08 /* Debug */ = {
			isa = XCBuildConfiguration;
			buildSettings = {
				ALWAYS_SEARCH_USER_PATHS = NO;
				ASSETCATALOG_COMPILER_GENERATE_SWIFT_ASSET_SYMBOL_EXTENSIONS = YES;
				CLANG_ANALYZER_NONNULL = YES;
				CLANG_ANALYZER_NUMBER_OBJECT_CONVERSION = YES_AGGRESSIVE;
				CLANG_CXX_LANGUAGE_STANDARD = "gnu++20";
				CLANG_ENABLE_MODULES = YES;
				CLANG_ENABLE_OBJC_ARC = YES;
				CLANG_ENABLE_OBJC_WEAK = YES;
				CLANG_WARN_BLOCK_CAPTURE_AUTORELEASING = YES;
				CLANG_WARN_BOOL_CONVERSION = YES;
				CLANG_WARN_COMMA = YES;
				CLANG_WARN_CONSTANT_CONVERSION = YES;
				CLANG_WARN_DEPRECATED_OBJC_IMPLEMENTATIONS = YES;
				CLANG_WARN_DIRECT_OBJC_ISA_USAGE = YES_ERROR;
				CLANG_WARN_DOCUMENTATION_COMMENTS = YES;
				CLANG_WARN_EMPTY_BODY = YES;
				CLANG_WARN_ENUM_CONVERSION = YES;
				CLANG_WARN_INFINITE_RECURSION = YES;
				CLANG_WARN_INT_CONVERSION = YES;
				CLANG_WARN_NON_LITERAL_NULL_CONVERSION = YES;
				CLANG_WARN_OBJC_IMPLICIT_RETAIN_SELF = YES;
				CLANG_WARN_OBJC_LITERAL_CONVERSION = YES;
				CLANG_WARN_OBJC_ROOT_CLASS = YES_ERROR;
				CLANG_WARN_QUOTED_INCLUDE_IN_FRAMEWORK_HEADER = YES;
				CLANG_WARN_RANGE_LOOP_ANALYSIS = YES;
				CLANG_WARN_STRICT_PROTOTYPES = YES;
				CLANG_WARN_SUSPICIOUS_MOVE = YES;
				CLANG_WARN_UNGUARDED_AVAILABILITY = YES_AGGRESSIVE;
				CLANG_WARN_UNREACHABLE_CODE = YES;
				CLANG_WARN__DUPLICATE_METHOD_MATCH = YES;
				COPY_PHASE_STRIP = NO;
				DEBUG_INFORMATION_FORMAT = dwarf;
				ENABLE_STRICT_OBJC_MSGSEND = YES;
				ENABLE_TESTABILITY = YES;
				ENABLE_USER_SCRIPT_SANDBOXING = YES;
				GCC_C_LANGUAGE_STANDARD = gnu17;
				GCC_DYNAMIC_NO_PIC = NO;
				GCC_NO_COMMON_BLOCKS = YES;
				GCC_OPTIMIZATION_LEVEL = 0;
				GCC_PREPROCESSOR_DEFINITIONS = (
					"DEBUG=1",
					"$(inherited)",
				);
				GCC_WARN_64_TO_32_BIT_CONVERSION = YES;
				GCC_WARN_ABOUT_RETURN_TYPE = YES_ERROR;
				GCC_WARN_UNDECLARED_SELECTOR = YES;
				GCC_WARN_UNINITIALIZED_AUTOS = YES_AGGRESSIVE;
				GCC_WARN_UNUSED_FUNCTION = YES;
				GCC_WARN_UNUSED_VARIABLE = YES;
				IPHONEOS_DEPLOYMENT_TARGET = 17.5;
				LOCALIZATION_PREFERS_STRING_CATALOGS = YES;
				MTL_ENABLE_DEBUG_INFO = INCLUDE_SOURCE;
				MTL_FAST_MATH = YES;
				ONLY_ACTIVE_ARCH = YES;
				SDKROOT = iphoneos;
				SWIFT_ACTIVE_COMPILATION_CONDITIONS = "DEBUG $(inherited)";
				SWIFT_OPTIMIZATION_LEVEL = "-Onone";
			};
			name = Debug;
		};
		FB2592EB2CB433BC00CCBB08 /* Release */ = {
			isa = XCBuildConfiguration;
			buildSettings = {
				ALWAYS_SEARCH_USER_PATHS = NO;
				ASSETCATALOG_COMPILER_GENERATE_SWIFT_ASSET_SYMBOL_EXTENSIONS = YES;
				CLANG_ANALYZER_NONNULL = YES;
				CLANG_ANALYZER_NUMBER_OBJECT_CONVERSION = YES_AGGRESSIVE;
				CLANG_CXX_LANGUAGE_STANDARD = "gnu++20";
				CLANG_ENABLE_MODULES = YES;
				CLANG_ENABLE_OBJC_ARC = YES;
				CLANG_ENABLE_OBJC_WEAK = YES;
				CLANG_WARN_BLOCK_CAPTURE_AUTORELEASING = YES;
				CLANG_WARN_BOOL_CONVERSION = YES;
				CLANG_WARN_COMMA = YES;
				CLANG_WARN_CONSTANT_CONVERSION = YES;
				CLANG_WARN_DEPRECATED_OBJC_IMPLEMENTATIONS = YES;
				CLANG_WARN_DIRECT_OBJC_ISA_USAGE = YES_ERROR;
				CLANG_WARN_DOCUMENTATION_COMMENTS = YES;
				CLANG_WARN_EMPTY_BODY = YES;
				CLANG_WARN_ENUM_CONVERSION = YES;
				CLANG_WARN_INFINITE_RECURSION = YES;
				CLANG_WARN_INT_CONVERSION = YES;
				CLANG_WARN_NON_LITERAL_NULL_CONVERSION = YES;
				CLANG_WARN_OBJC_IMPLICIT_RETAIN_SELF = YES;
				CLANG_WARN_OBJC_LITERAL_CONVERSION = YES;
				CLANG_WARN_OBJC_ROOT_CLASS = YES_ERROR;
				CLANG_WARN_QUOTED_INCLUDE_IN_FRAMEWORK_HEADER = YES;
				CLANG_WARN_RANGE_LOOP_ANALYSIS = YES;
				CLANG_WARN_STRICT_PROTOTYPES = YES;
				CLANG_WARN_SUSPICIOUS_MOVE = YES;
				CLANG_WARN_UNGUARDED_AVAILABILITY = YES_AGGRESSIVE;
				CLANG_WARN_UNREACHABLE_CODE = YES;
				CLANG_WARN__DUPLICATE_METHOD_MATCH = YES;
				COPY_PHASE_STRIP = NO;
				DEBUG_INFORMATION_FORMAT = "dwarf-with-dsym";
				ENABLE_NS_ASSERTIONS = NO;
				ENABLE_STRICT_OBJC_MSGSEND = YES;
				ENABLE_USER_SCRIPT_SANDBOXING = YES;
				GCC_C_LANGUAGE_STANDARD = gnu17;
				GCC_NO_COMMON_BLOCKS = YES;
				GCC_WARN_64_TO_32_BIT_CONVERSION = YES;
				GCC_WARN_ABOUT_RETURN_TYPE = YES_ERROR;
				GCC_WARN_UNDECLARED_SELECTOR = YES;
				GCC_WARN_UNINITIALIZED_AUTOS = YES_AGGRESSIVE;
				GCC_WARN_UNUSED_FUNCTION = YES;
				GCC_WARN_UNUSED_VARIABLE = YES;
				IPHONEOS_DEPLOYMENT_TARGET = 17.5;
				LOCALIZATION_PREFERS_STRING_CATALOGS = YES;
				MTL_ENABLE_DEBUG_INFO = NO;
				MTL_FAST_MATH = YES;
				SDKROOT = iphoneos;
				SWIFT_COMPILATION_MODE = wholemodule;
				VALIDATE_PRODUCT = YES;
			};
			name = Release;
		};
		FB2592ED2CB433BC00CCBB08 /* Debug */ = {
			isa = XCBuildConfiguration;
			buildSettings = {
				ASSETCATALOG_COMPILER_APPICON_NAME = AppIcon;
				ASSETCATALOG_COMPILER_GLOBAL_ACCENT_COLOR_NAME = AccentColor;
				CODE_SIGN_STYLE = Automatic;
				CURRENT_PROJECT_VERSION = 1;
				GENERATE_INFOPLIST_FILE = YES;
				INFOPLIST_FILE = boceto_2_CellView/Info.plist;
				INFOPLIST_KEY_UIApplicationSupportsIndirectInputEvents = YES;
				INFOPLIST_KEY_UILaunchStoryboardName = LaunchScreen;
				INFOPLIST_KEY_UIMainStoryboardFile = Main;
				INFOPLIST_KEY_UISupportedInterfaceOrientations_iPad = "UIInterfaceOrientationPortrait UIInterfaceOrientationPortraitUpsideDown UIInterfaceOrientationLandscapeLeft UIInterfaceOrientationLandscapeRight";
				INFOPLIST_KEY_UISupportedInterfaceOrientations_iPhone = "UIInterfaceOrientationPortrait UIInterfaceOrientationLandscapeLeft UIInterfaceOrientationLandscapeRight";
				LD_RUNPATH_SEARCH_PATHS = (
					"$(inherited)",
					"@executable_path/Frameworks",
				);
				MARKETING_VERSION = 1.0;
				PRODUCT_BUNDLE_IDENTIFIER = "mx.uacj.mx.boceto-2-CellView";
				PRODUCT_NAME = "$(TARGET_NAME)";
				SWIFT_EMIT_LOC_STRINGS = YES;
				SWIFT_VERSION = 5.0;
				TARGETED_DEVICE_FAMILY = "1,2";
			};
			name = Debug;
		};
		FB2592EE2CB433BC00CCBB08 /* Release */ = {
			isa = XCBuildConfiguration;
			buildSettings = {
				ASSETCATALOG_COMPILER_APPICON_NAME = AppIcon;
				ASSETCATALOG_COMPILER_GLOBAL_ACCENT_COLOR_NAME = AccentColor;
				CODE_SIGN_STYLE = Automatic;
				CURRENT_PROJECT_VERSION = 1;
				GENERATE_INFOPLIST_FILE = YES;
				INFOPLIST_FILE = boceto_2_CellView/Info.plist;
				INFOPLIST_KEY_UIApplicationSupportsIndirectInputEvents = YES;
				INFOPLIST_KEY_UILaunchStoryboardName = LaunchScreen;
				INFOPLIST_KEY_UIMainStoryboardFile = Main;
				INFOPLIST_KEY_UISupportedInterfaceOrientations_iPad = "UIInterfaceOrientationPortrait UIInterfaceOrientationPortraitUpsideDown UIInterfaceOrientationLandscapeLeft UIInterfaceOrientationLandscapeRight";
				INFOPLIST_KEY_UISupportedInterfaceOrientations_iPhone = "UIInterfaceOrientationPortrait UIInterfaceOrientationLandscapeLeft UIInterfaceOrientationLandscapeRight";
				LD_RUNPATH_SEARCH_PATHS = (
					"$(inherited)",
					"@executable_path/Frameworks",
				);
				MARKETING_VERSION = 1.0;
				PRODUCT_BUNDLE_IDENTIFIER = "mx.uacj.mx.boceto-2-CellView";
				PRODUCT_NAME = "$(TARGET_NAME)";
				SWIFT_EMIT_LOC_STRINGS = YES;
				SWIFT_VERSION = 5.0;
				TARGETED_DEVICE_FAMILY = "1,2";
			};
			name = Release;
		};
		FB2592F02CB433BC00CCBB08 /* Debug */ = {
			isa = XCBuildConfiguration;
			buildSettings = {
				ALWAYS_EMBED_SWIFT_STANDARD_LIBRARIES = YES;
				BUNDLE_LOADER = "$(TEST_HOST)";
				CODE_SIGN_STYLE = Automatic;
				CURRENT_PROJECT_VERSION = 1;
				GENERATE_INFOPLIST_FILE = YES;
				IPHONEOS_DEPLOYMENT_TARGET = 17.5;
				MARKETING_VERSION = 1.0;
				PRODUCT_BUNDLE_IDENTIFIER = "mx.uacj.mx.boceto-2-CellViewTests";
				PRODUCT_NAME = "$(TARGET_NAME)";
				SWIFT_EMIT_LOC_STRINGS = NO;
				SWIFT_VERSION = 5.0;
				TARGETED_DEVICE_FAMILY = "1,2";
				TEST_HOST = "$(BUILT_PRODUCTS_DIR)/boceto_2_CellView.app/$(BUNDLE_EXECUTABLE_FOLDER_PATH)/boceto_2_CellView";
			};
			name = Debug;
		};
		FB2592F12CB433BC00CCBB08 /* Release */ = {
			isa = XCBuildConfiguration;
			buildSettings = {
				ALWAYS_EMBED_SWIFT_STANDARD_LIBRARIES = YES;
				BUNDLE_LOADER = "$(TEST_HOST)";
				CODE_SIGN_STYLE = Automatic;
				CURRENT_PROJECT_VERSION = 1;
				GENERATE_INFOPLIST_FILE = YES;
				IPHONEOS_DEPLOYMENT_TARGET = 17.5;
				MARKETING_VERSION = 1.0;
				PRODUCT_BUNDLE_IDENTIFIER = "mx.uacj.mx.boceto-2-CellViewTests";
				PRODUCT_NAME = "$(TARGET_NAME)";
				SWIFT_EMIT_LOC_STRINGS = NO;
				SWIFT_VERSION = 5.0;
				TARGETED_DEVICE_FAMILY = "1,2";
				TEST_HOST = "$(BUILT_PRODUCTS_DIR)/boceto_2_CellView.app/$(BUNDLE_EXECUTABLE_FOLDER_PATH)/boceto_2_CellView";
			};
			name = Release;
		};
		FB2592F32CB433BC00CCBB08 /* Debug */ = {
			isa = XCBuildConfiguration;
			buildSettings = {
				ALWAYS_EMBED_SWIFT_STANDARD_LIBRARIES = YES;
				CODE_SIGN_STYLE = Automatic;
				CURRENT_PROJECT_VERSION = 1;
				GENERATE_INFOPLIST_FILE = YES;
				MARKETING_VERSION = 1.0;
				PRODUCT_BUNDLE_IDENTIFIER = "mx.uacj.mx.boceto-2-CellViewUITests";
				PRODUCT_NAME = "$(TARGET_NAME)";
				SWIFT_EMIT_LOC_STRINGS = NO;
				SWIFT_VERSION = 5.0;
				TARGETED_DEVICE_FAMILY = "1,2";
				TEST_TARGET_NAME = boceto_2_CellView;
			};
			name = Debug;
		};
		FB2592F42CB433BC00CCBB08 /* Release */ = {
			isa = XCBuildConfiguration;
			buildSettings = {
				ALWAYS_EMBED_SWIFT_STANDARD_LIBRARIES = YES;
				CODE_SIGN_STYLE = Automatic;
				CURRENT_PROJECT_VERSION = 1;
				GENERATE_INFOPLIST_FILE = YES;
				MARKETING_VERSION = 1.0;
				PRODUCT_BUNDLE_IDENTIFIER = "mx.uacj.mx.boceto-2-CellViewUITests";
				PRODUCT_NAME = "$(TARGET_NAME)";
				SWIFT_EMIT_LOC_STRINGS = NO;
				SWIFT_VERSION = 5.0;
				TARGETED_DEVICE_FAMILY = "1,2";
				TEST_TARGET_NAME = boceto_2_CellView;
			};
			name = Release;
		};
/* End XCBuildConfiguration section */

/* Begin XCConfigurationList section */
		FB2592BD2CB433BB00CCBB08 /* Build configuration list for PBXProject "boceto_2_CellView" */ = {
			isa = XCConfigurationList;
			buildConfigurations = (
				FB2592EA2CB433BC00CCBB08 /* Debug */,
				FB2592EB2CB433BC00CCBB08 /* Release */,
			);
			defaultConfigurationIsVisible = 0;
			defaultConfigurationName = Release;
		};
		FB2592EC2CB433BC00CCBB08 /* Build configuration list for PBXNativeTarget "boceto_2_CellView" */ = {
			isa = XCConfigurationList;
			buildConfigurations = (
				FB2592ED2CB433BC00CCBB08 /* Debug */,
				FB2592EE2CB433BC00CCBB08 /* Release */,
			);
			defaultConfigurationIsVisible = 0;
			defaultConfigurationName = Release;
		};
		FB2592EF2CB433BC00CCBB08 /* Build configuration list for PBXNativeTarget "boceto_2_CellViewTests" */ = {
			isa = XCConfigurationList;
			buildConfigurations = (
				FB2592F02CB433BC00CCBB08 /* Debug */,
				FB2592F12CB433BC00CCBB08 /* Release */,
			);
			defaultConfigurationIsVisible = 0;
			defaultConfigurationName = Release;
		};
		FB2592F22CB433BC00CCBB08 /* Build configuration list for PBXNativeTarget "boceto_2_CellViewUITests" */ = {
			isa = XCConfigurationList;
			buildConfigurations = (
				FB2592F32CB433BC00CCBB08 /* Debug */,
				FB2592F42CB433BC00CCBB08 /* Release */,
			);
			defaultConfigurationIsVisible = 0;
			defaultConfigurationName = Release;
		};
/* End XCConfigurationList section */
	};
	rootObject = FB2592BA2CB433BB00CCBB08 /* Project object */;
}
